
Microsoft Visual Studio Solution File, Format Version 12.00
# Visual Studio Version 17
VisualStudioVersion = 17.9.34723.18
MinimumVisualStudioVersion = 10.0.40219.1
Project("{FAE04EC0-301F-11D3-BF4B-00C04F79EFBC}") = "Task", "Task.csproj", "{8B768EC1-ED0F-403A-B990-FEBB81FBDC0C}"
EndProject
Global
	GlobalSection(SolutionConfigurationPlatforms) = preSolution
		Debug|Any CPU = Debug|Any CPU
		Release|Any CPU = Release|Any CPU
	EndGlobalSection
	GlobalSection(ProjectConfigurationPlatforms) = postSolution
		{8B768EC1-ED0F-403A-B990-FEBB81FBDC0C}.Debug|Any CPU.ActiveCfg = Debug|Any CPU
		{8B768EC1-ED0F-403A-B990-FEBB81FBDC0C}.Debug|Any CPU.Build.0 = Debug|Any CPU
		{8B768EC1-ED0F-403A-B990-FEBB81FBDC0C}.Release|Any CPU.ActiveCfg = Release|Any CPU
		{8B768EC1-ED0F-403A-B990-FEBB81FBDC0C}.Release|Any CPU.Build.0 = Release|Any CPU
	EndGlobalSection
	GlobalSection(SolutionProperties) = preSolution
		HideSolutionNode = FALSE
	EndGlobalSection
	GlobalSection(ExtensibilityGlobals) = postSolution
		SolutionGuid = {CEF0C766-E1C7-497E-95F6-F5420801DB31}
	EndGlobalSection
EndGlobal
